
Microsoft Visual Studio Solution File, Format Version 12.00
# Visual Studio Version 16
VisualStudioVersion = 16.0.30225.117
MinimumVisualStudioVersion = 10.0.40219.1
Project("{FAE04EC0-301F-11D3-BF4B-00C04F79EFBC}") = "SignalRGB.UWP", "SignalRGB\SignalRGB.UWP\SignalRGB.UWP.csproj", "{8AE6FD8C-C876-4927-951F-7245B40BC89D}"
EndProject
Project("{FAE04EC0-301F-11D3-BF4B-00C04F79EFBC}") = "SignalRGB.Android", "SignalRGB\SignalRGB.Android\SignalRGB.Android.csproj", "{98124EB5-07BA-4204-BF9F-ECC2ACCE59C3}"
EndProject
Project("{FAE04EC0-301F-11D3-BF4B-00C04F79EFBC}") = "SignalRGB.iOS", "SignalRGB\SignalRGB.iOS\SignalRGB.iOS.csproj", "{C873D49C-4CF8-4907-9380-A5ABA2A28D12}"
EndProject
Project("{FAE04EC0-301F-11D3-BF4B-00C04F79EFBC}") = "SignalRGB.Web", "SignalRGB\SignalRGB.Web\SignalRGB.Web.csproj", "{B60C5373-14E2-45B9-B8D3-E813D41F8AA3}"
EndProject
Project("{FAE04EC0-301F-11D3-BF4B-00C04F79EFBC}") = "SignalRGB", "SignalRGB\SignalRGB\SignalRGB.csproj", "{06FC3881-9312-4FA9-A79D-6423FF21858A}"
EndProject
Global
	GlobalSection(SolutionConfigurationPlatforms) = preSolution
		Debug|Any CPU = Debug|Any CPU
		Debug|ARM = Debug|ARM
		Debug|iPhone = Debug|iPhone
		Debug|iPhoneSimulator = Debug|iPhoneSimulator
		Debug|x64 = Debug|x64
		Debug|x86 = Debug|x86
		Release|Any CPU = Release|Any CPU
		Release|ARM = Release|ARM
		Release|iPhone = Release|iPhone
		Release|iPhoneSimulator = Release|iPhoneSimulator
		Release|x64 = Release|x64
		Release|x86 = Release|x86
	EndGlobalSection
	GlobalSection(ProjectConfigurationPlatforms) = postSolution
		{8AE6FD8C-C876-4927-951F-7245B40BC89D}.Debug|Any CPU.ActiveCfg = Debug|x86
		{8AE6FD8C-C876-4927-951F-7245B40BC89D}.Debug|Any CPU.Build.0 = Debug|x86
		{8AE6FD8C-C876-4927-951F-7245B40BC89D}.Debug|Any CPU.Deploy.0 = Debug|x86
		{8AE6FD8C-C876-4927-951F-7245B40BC89D}.Debug|ARM.ActiveCfg = Debug|ARM
		{8AE6FD8C-C876-4927-951F-7245B40BC89D}.Debug|ARM.Build.0 = Debug|ARM
		{8AE6FD8C-C876-4927-951F-7245B40BC89D}.Debug|ARM.Deploy.0 = Debug|ARM
		{8AE6FD8C-C876-4927-951F-7245B40BC89D}.Debug|iPhone.ActiveCfg = Debug|x86
		{8AE6FD8C-C876-4927-951F-7245B40BC89D}.Debug|iPhone.Build.0 = Debug|x86
		{8AE6FD8C-C876-4927-951F-7245B40BC89D}.Debug|iPhone.Deploy.0 = Debug|x86
		{8AE6FD8C-C876-4927-951F-7245B40BC89D}.Debug|iPhoneSimulator.ActiveCfg = Debug|x86
		{8AE6FD8C-C876-4927-951F-7245B40BC89D}.Debug|iPhoneSimulator.Build.0 = Debug|x86
		{8AE6FD8C-C876-4927-951F-7245B40BC89D}.Debug|iPhoneSimulator.Deploy.0 = Debug|x86
		{8AE6FD8C-C876-4927-951F-7245B40BC89D}.Debug|x64.ActiveCfg = Debug|x64
		{8AE6FD8C-C876-4927-951F-7245B40BC89D}.Debug|x64.Build.0 = Debug|x64
		{8AE6FD8C-C876-4927-951F-7245B40BC89D}.Debug|x64.Deploy.0 = Debug|x64
		{8AE6FD8C-C876-4927-951F-7245B40BC89D}.Debug|x86.ActiveCfg = Debug|x86
		{8AE6FD8C-C876-4927-951F-7245B40BC89D}.Debug|x86.Build.0 = Debug|x86
		{8AE6FD8C-C876-4927-951F-7245B40BC89D}.Debug|x86.Deploy.0 = Debug|x86
		{8AE6FD8C-C876-4927-951F-7245B40BC89D}.Release|Any CPU.ActiveCfg = Release|x86
		{8AE6FD8C-C876-4927-951F-7245B40BC89D}.Release|Any CPU.Build.0 = Release|x86
		{8AE6FD8C-C876-4927-951F-7245B40BC89D}.Release|Any CPU.Deploy.0 = Release|x86
		{8AE6FD8C-C876-4927-951F-7245B40BC89D}.Release|ARM.ActiveCfg = Release|ARM
		{8AE6FD8C-C876-4927-951F-7245B40BC89D}.Release|ARM.Build.0 = Release|ARM
		{8AE6FD8C-C876-4927-951F-7245B40BC89D}.Release|ARM.Deploy.0 = Release|ARM
		{8AE6FD8C-C876-4927-951F-7245B40BC89D}.Release|iPhone.ActiveCfg = Release|x86
		{8AE6FD8C-C876-4927-951F-7245B40BC89D}.Release|iPhone.Build.0 = Release|x86
		{8AE6FD8C-C876-4927-951F-7245B40BC89D}.Release|iPhone.Deploy.0 = Release|x86
		{8AE6FD8C-C876-4927-951F-7245B40BC89D}.Release|iPhoneSimulator.ActiveCfg = Release|x86
		{8AE6FD8C-C876-4927-951F-7245B40BC89D}.Release|iPhoneSimulator.Build.0 = Release|x86
		{8AE6FD8C-C876-4927-951F-7245B40BC89D}.Release|iPhoneSimulator.Deploy.0 = Release|x86
		{8AE6FD8C-C876-4927-951F-7245B40BC89D}.Release|x64.ActiveCfg = Release|x64
		{8AE6FD8C-C876-4927-951F-7245B40BC89D}.Release|x64.Build.0 = Release|x64
		{8AE6FD8C-C876-4927-951F-7245B40BC89D}.Release|x64.Deploy.0 = Release|x64
		{8AE6FD8C-C876-4927-951F-7245B40BC89D}.Release|x86.ActiveCfg = Release|x86
		{8AE6FD8C-C876-4927-951F-7245B40BC89D}.Release|x86.Build.0 = Release|x86
		{8AE6FD8C-C876-4927-951F-7245B40BC89D}.Release|x86.Deploy.0 = Release|x86
		{98124EB5-07BA-4204-BF9F-ECC2ACCE59C3}.Debug|Any CPU.ActiveCfg = Debug|Any CPU
		{98124EB5-07BA-4204-BF9F-ECC2ACCE59C3}.Debug|Any CPU.Build.0 = Debug|Any CPU
		{98124EB5-07BA-4204-BF9F-ECC2ACCE59C3}.Debug|Any CPU.Deploy.0 = Debug|Any CPU
		{98124EB5-07BA-4204-BF9F-ECC2ACCE59C3}.Debug|ARM.ActiveCfg = Debug|Any CPU
		{98124EB5-07BA-4204-BF9F-ECC2ACCE59C3}.Debug|ARM.Build.0 = Debug|Any CPU
		{98124EB5-07BA-4204-BF9F-ECC2ACCE59C3}.Debug|ARM.Deploy.0 = Debug|Any CPU
		{98124EB5-07BA-4204-BF9F-ECC2ACCE59C3}.Debug|iPhone.ActiveCfg = Debug|Any CPU
		{98124EB5-07BA-4204-BF9F-ECC2ACCE59C3}.Debug|iPhone.Build.0 = Debug|Any CPU
		{98124EB5-07BA-4204-BF9F-ECC2ACCE59C3}.Debug|iPhone.Deploy.0 = Debug|Any CPU
		{98124EB5-07BA-4204-BF9F-ECC2ACCE59C3}.Debug|iPhoneSimulator.ActiveCfg = Debug|Any CPU
		{98124EB5-07BA-4204-BF9F-ECC2ACCE59C3}.Debug|iPhoneSimulator.Build.0 = Debug|Any CPU
		{98124EB5-07BA-4204-BF9F-ECC2ACCE59C3}.Debug|iPhoneSimulator.Deploy.0 = Debug|Any CPU
		{98124EB5-07BA-4204-BF9F-ECC2ACCE59C3}.Debug|x64.ActiveCfg = Debug|Any CPU
		{98124EB5-07BA-4204-BF9F-ECC2ACCE59C3}.Debug|x64.Build.0 = Debug|Any CPU
		{98124EB5-07BA-4204-BF9F-ECC2ACCE59C3}.Debug|x64.Deploy.0 = Debug|Any CPU
		{98124EB5-07BA-4204-BF9F-ECC2ACCE59C3}.Debug|x86.ActiveCfg = Debug|Any CPU
		{98124EB5-07BA-4204-BF9F-ECC2ACCE59C3}.Debug|x86.Build.0 = Debug|Any CPU
		{98124EB5-07BA-4204-BF9F-ECC2ACCE59C3}.Debug|x86.Deploy.0 = Debug|Any CPU
		{98124EB5-07BA-4204-BF9F-ECC2ACCE59C3}.Release|Any CPU.ActiveCfg = Release|Any CPU
		{98124EB5-07BA-4204-BF9F-ECC2ACCE59C3}.Release|Any CPU.Build.0 = Release|Any CPU
		{98124EB5-07BA-4204-BF9F-ECC2ACCE59C3}.Release|Any CPU.Deploy.0 = Release|Any CPU
		{98124EB5-07BA-4204-BF9F-ECC2ACCE59C3}.Release|ARM.ActiveCfg = Release|Any CPU
		{98124EB5-07BA-4204-BF9F-ECC2ACCE59C3}.Release|ARM.Build.0 = Release|Any CPU
		{98124EB5-07BA-4204-BF9F-ECC2ACCE59C3}.Release|ARM.Deploy.0 = Release|Any CPU
		{98124EB5-07BA-4204-BF9F-ECC2ACCE59C3}.Release|iPhone.ActiveCfg = Release|Any CPU
		{98124EB5-07BA-4204-BF9F-ECC2ACCE59C3}.Release|iPhone.Build.0 = Release|Any CPU
		{98124EB5-07BA-4204-BF9F-ECC2ACCE59C3}.Release|iPhone.Deploy.0 = Release|Any CPU
		{98124EB5-07BA-4204-BF9F-ECC2ACCE59C3}.Release|iPhoneSimulator.ActiveCfg = Release|Any CPU
		{98124EB5-07BA-4204-BF9F-ECC2ACCE59C3}.Release|iPhoneSimulator.Build.0 = Release|Any CPU
		{98124EB5-07BA-4204-BF9F-ECC2ACCE59C3}.Release|iPhoneSimulator.Deploy.0 = Release|Any CPU
		{98124EB5-07BA-4204-BF9F-ECC2ACCE59C3}.Release|x64.ActiveCfg = Release|Any CPU
		{98124EB5-07BA-4204-BF9F-ECC2ACCE59C3}.Release|x64.Build.0 = Release|Any CPU
		{98124EB5-07BA-4204-BF9F-ECC2ACCE59C3}.Release|x64.Deploy.0 = Release|Any CPU
		{98124EB5-07BA-4204-BF9F-ECC2ACCE59C3}.Release|x86.ActiveCfg = Release|Any CPU
		{98124EB5-07BA-4204-BF9F-ECC2ACCE59C3}.Release|x86.Build.0 = Release|Any CPU
		{98124EB5-07BA-4204-BF9F-ECC2ACCE59C3}.Release|x86.Deploy.0 = Release|Any CPU
		{C873D49C-4CF8-4907-9380-A5ABA2A28D12}.Debug|Any CPU.ActiveCfg = Debug|iPhone
		{C873D49C-4CF8-4907-9380-A5ABA2A28D12}.Debug|Any CPU.Build.0 = Debug|iPhone
		{C873D49C-4CF8-4907-9380-A5ABA2A28D12}.Debug|Any CPU.Deploy.0 = Debug|iPhone
		{C873D49C-4CF8-4907-9380-A5ABA2A28D12}.Debug|ARM.ActiveCfg = Debug|iPhone
		{C873D49C-4CF8-4907-9380-A5ABA2A28D12}.Debug|ARM.Build.0 = Debug|iPhone
		{C873D49C-4CF8-4907-9380-A5ABA2A28D12}.Debug|ARM.Deploy.0 = Debug|iPhone
		{C873D49C-4CF8-4907-9380-A5ABA2A28D12}.Debug|iPhone.ActiveCfg = Debug|iPhone
		{C873D49C-4CF8-4907-9380-A5ABA2A28D12}.Debug|iPhone.Build.0 = Debug|iPhone
		{C873D49C-4CF8-4907-9380-A5ABA2A28D12}.Debug|iPhone.Deploy.0 = Debug|iPhone
		{C873D49C-4CF8-4907-9380-A5ABA2A28D12}.Debug|iPhoneSimulator.ActiveCfg = Debug|iPhoneSimulator
		{C873D49C-4CF8-4907-9380-A5ABA2A28D12}.Debug|iPhoneSimulator.Build.0 = Debug|iPhoneSimulator
		{C873D49C-4CF8-4907-9380-A5ABA2A28D12}.Debug|iPhoneSimulator.Deploy.0 = Debug|iPhoneSimulator
		{C873D49C-4CF8-4907-9380-A5ABA2A28D12}.Debug|x64.ActiveCfg = Debug|iPhone
		{C873D49C-4CF8-4907-9380-A5ABA2A28D12}.Debug|x64.Build.0 = Debug|iPhone
		{C873D49C-4CF8-4907-9380-A5ABA2A28D12}.Debug|x64.Deploy.0 = Debug|iPhone
		{C873D49C-4CF8-4907-9380-A5ABA2A28D12}.Debug|x86.ActiveCfg = Debug|iPhone
		{C873D49C-4CF8-4907-9380-A5ABA2A28D12}.Debug|x86.Build.0 = Debug|iPhone
		{C873D49C-4CF8-4907-9380-A5ABA2A28D12}.Debug|x86.Deploy.0 = Debug|iPhone
		{C873D49C-4CF8-4907-9380-A5ABA2A28D12}.Release|Any CPU.ActiveCfg = Release|iPhone
		{C873D49C-4CF8-4907-9380-A5ABA2A28D12}.Release|Any CPU.Build.0 = Release|iPhone
		{C873D49C-4CF8-4907-9380-A5ABA2A28D12}.Release|Any CPU.Deploy.0 = Release|iPhone
		{C873D49C-4CF8-4907-9380-A5ABA2A28D12}.Release|ARM.ActiveCfg = Release|iPhone
		{C873D49C-4CF8-4907-9380-A5ABA2A28D12}.Release|ARM.Build.0 = Release|iPhone
		{C873D49C-4CF8-4907-9380-A5ABA2A28D12}.Release|ARM.Deploy.0 = Release|iPhone
		{C873D49C-4CF8-4907-9380-A5ABA2A28D12}.Release|iPhone.ActiveCfg = Release|iPhone
		{C873D49C-4CF8-4907-9380-A5ABA2A28D12}.Release|iPhone.Build.0 = Release|iPhone
		{C873D49C-4CF8-4907-9380-A5ABA2A28D12}.Release|iPhone.Deploy.0 = Release|iPhone
		{C873D49C-4CF8-4907-9380-A5ABA2A28D12}.Release|iPhoneSimulator.ActiveCfg = Release|iPhoneSimulator
		{C873D49C-4CF8-4907-9380-A5ABA2A28D12}.Release|iPhoneSimulator.Build.0 = Release|iPhoneSimulator
		{C873D49C-4CF8-4907-9380-A5ABA2A28D12}.Release|iPhoneSimulator.Deploy.0 = Release|iPhoneSimulator
		{C873D49C-4CF8-4907-9380-A5ABA2A28D12}.Release|x64.ActiveCfg = Release|iPhone
		{C873D49C-4CF8-4907-9380-A5ABA2A28D12}.Release|x64.Build.0 = Release|iPhone
		{C873D49C-4CF8-4907-9380-A5ABA2A28D12}.Release|x64.Deploy.0 = Release|iPhone
		{C873D49C-4CF8-4907-9380-A5ABA2A28D12}.Release|x86.ActiveCfg = Release|iPhone
		{C873D49C-4CF8-4907-9380-A5ABA2A28D12}.Release|x86.Build.0 = Release|iPhone
		{C873D49C-4CF8-4907-9380-A5ABA2A28D12}.Release|x86.Deploy.0 = Release|iPhone
		{B60C5373-14E2-45B9-B8D3-E813D41F8AA3}.Debug|Any CPU.ActiveCfg = Debug|Any CPU
		{B60C5373-14E2-45B9-B8D3-E813D41F8AA3}.Debug|Any CPU.Build.0 = Debug|Any CPU
		{B60C5373-14E2-45B9-B8D3-E813D41F8AA3}.Debug|Any CPU.Deploy.0 = Debug|Any CPU
		{B60C5373-14E2-45B9-B8D3-E813D41F8AA3}.Debug|ARM.ActiveCfg = Debug|Any CPU
		{B60C5373-14E2-45B9-B8D3-E813D41F8AA3}.Debug|ARM.Build.0 = Debug|Any CPU
		{B60C5373-14E2-45B9-B8D3-E813D41F8AA3}.Debug|ARM.Deploy.0 = Debug|Any CPU
		{B60C5373-14E2-45B9-B8D3-E813D41F8AA3}.Debug|iPhone.ActiveCfg = Debug|Any CPU
		{B60C5373-14E2-45B9-B8D3-E813D41F8AA3}.Debug|iPhone.Build.0 = Debug|Any CPU
		{B60C5373-14E2-45B9-B8D3-E813D41F8AA3}.Debug|iPhone.Deploy.0 = Debug|Any CPU
		{B60C5373-14E2-45B9-B8D3-E813D41F8AA3}.Debug|iPhoneSimulator.ActiveCfg = Debug|Any CPU
		{B60C5373-14E2-45B9-B8D3-E813D41F8AA3}.Debug|iPhoneSimulator.Build.0 = Debug|Any CPU
		{B60C5373-14E2-45B9-B8D3-E813D41F8AA3}.Debug|iPhoneSimulator.Deploy.0 = Debug|Any CPU
		{B60C5373-14E2-45B9-B8D3-E813D41F8AA3}.Debug|x64.ActiveCfg = Debug|Any CPU
		{B60C5373-14E2-45B9-B8D3-E813D41F8AA3}.Debug|x64.Build.0 = Debug|Any CPU
		{B60C5373-14E2-45B9-B8D3-E813D41F8AA3}.Debug|x64.Deploy.0 = Debug|Any CPU
		{B60C5373-14E2-45B9-B8D3-E813D41F8AA3}.Debug|x86.ActiveCfg = Debug|Any CPU
		{B60C5373-14E2-45B9-B8D3-E813D41F8AA3}.Debug|x86.Build.0 = Debug|Any CPU
		{B60C5373-14E2-45B9-B8D3-E813D41F8AA3}.Debug|x86.Deploy.0 = Debug|Any CPU
		{B60C5373-14E2-45B9-B8D3-E813D41F8AA3}.Release|Any CPU.ActiveCfg = Release|Any CPU
		{B60C5373-14E2-45B9-B8D3-E813D41F8AA3}.Release|Any CPU.Build.0 = Release|Any CPU
		{B60C5373-14E2-45B9-B8D3-E813D41F8AA3}.Release|Any CPU.Deploy.0 = Release|Any CPU
		{B60C5373-14E2-45B9-B8D3-E813D41F8AA3}.Release|ARM.ActiveCfg = Release|Any CPU
		{B60C5373-14E2-45B9-B8D3-E813D41F8AA3}.Release|ARM.Build.0 = Release|Any CPU
		{B60C5373-14E2-45B9-B8D3-E813D41F8AA3}.Release|ARM.Deploy.0 = Release|Any CPU
		{B60C5373-14E2-45B9-B8D3-E813D41F8AA3}.Release|iPhone.ActiveCfg = Release|Any CPU
		{B60C5373-14E2-45B9-B8D3-E813D41F8AA3}.Release|iPhone.Build.0 = Release|Any CPU
		{B60C5373-14E2-45B9-B8D3-E813D41F8AA3}.Release|iPhone.Deploy.0 = Release|Any CPU
		{B60C5373-14E2-45B9-B8D3-E813D41F8AA3}.Release|iPhoneSimulator.ActiveCfg = Release|Any CPU
		{B60C5373-14E2-45B9-B8D3-E813D41F8AA3}.Release|iPhoneSimulator.Build.0 = Release|Any CPU
		{B60C5373-14E2-45B9-B8D3-E813D41F8AA3}.Release|iPhoneSimulator.Deploy.0 = Release|Any CPU
		{B60C5373-14E2-45B9-B8D3-E813D41F8AA3}.Release|x64.ActiveCfg = Release|Any CPU
		{B60C5373-14E2-45B9-B8D3-E813D41F8AA3}.Release|x64.Build.0 = Release|Any CPU
		{B60C5373-14E2-45B9-B8D3-E813D41F8AA3}.Release|x64.Deploy.0 = Release|Any CPU
		{B60C5373-14E2-45B9-B8D3-E813D41F8AA3}.Release|x86.ActiveCfg = Release|Any CPU
		{B60C5373-14E2-45B9-B8D3-E813D41F8AA3}.Release|x86.Build.0 = Release|Any CPU
		{B60C5373-14E2-45B9-B8D3-E813D41F8AA3}.Release|x86.Deploy.0 = Release|Any CPU
		{06FC3881-9312-4FA9-A79D-6423FF21858A}.Debug|Any CPU.ActiveCfg = Debug|Any CPU
		{06FC3881-9312-4FA9-A79D-6423FF21858A}.Debug|Any CPU.Build.0 = Debug|Any CPU
		{06FC3881-9312-4FA9-A79D-6423FF21858A}.Debug|Any CPU.Deploy.0 = Debug|Any CPU
		{06FC3881-9312-4FA9-A79D-6423FF21858A}.Debug|ARM.ActiveCfg = Debug|Any CPU
		{06FC3881-9312-4FA9-A79D-6423FF21858A}.Debug|ARM.Build.0 = Debug|Any CPU
		{06FC3881-9312-4FA9-A79D-6423FF21858A}.Debug|ARM.Deploy.0 = Debug|Any CPU
		{06FC3881-9312-4FA9-A79D-6423FF21858A}.Debug|iPhone.ActiveCfg = Debug|Any CPU
		{06FC3881-9312-4FA9-A79D-6423FF21858A}.Debug|iPhone.Build.0 = Debug|Any CPU
		{06FC3881-9312-4FA9-A79D-6423FF21858A}.Debug|iPhone.Deploy.0 = Debug|Any CPU
		{06FC3881-9312-4FA9-A79D-6423FF21858A}.Debug|iPhoneSimulator.ActiveCfg = Debug|Any CPU
		{06FC3881-9312-4FA9-A79D-6423FF21858A}.Debug|iPhoneSimulator.Build.0 = Debug|Any CPU
		{06FC3881-9312-4FA9-A79D-6423FF21858A}.Debug|iPhoneSimulator.Deploy.0 = Debug|Any CPU
		{06FC3881-9312-4FA9-A79D-6423FF21858A}.Debug|x64.ActiveCfg = Debug|Any CPU
		{06FC3881-9312-4FA9-A79D-6423FF21858A}.Debug|x64.Build.0 = Debug|Any CPU
		{06FC3881-9312-4FA9-A79D-6423FF21858A}.Debug|x64.Deploy.0 = Debug|Any CPU
		{06FC3881-9312-4FA9-A79D-6423FF21858A}.Debug|x86.ActiveCfg = Debug|Any CPU
		{06FC3881-9312-4FA9-A79D-6423FF21858A}.Debug|x86.Build.0 = Debug|Any CPU
		{06FC3881-9312-4FA9-A79D-6423FF21858A}.Debug|x86.Deploy.0 = Debug|Any CPU
		{06FC3881-9312-4FA9-A79D-6423FF21858A}.Release|Any CPU.ActiveCfg = Release|Any CPU
		{06FC3881-9312-4FA9-A79D-6423FF21858A}.Release|Any CPU.Build.0 = Release|Any CPU
		{06FC3881-9312-4FA9-A79D-6423FF21858A}.Release|Any CPU.Deploy.0 = Release|Any CPU
		{06FC3881-9312-4FA9-A79D-6423FF21858A}.Release|ARM.ActiveCfg = Release|Any CPU
		{06FC3881-9312-4FA9-A79D-6423FF21858A}.Release|ARM.Build.0 = Release|Any CPU
		{06FC3881-9312-4FA9-A79D-6423FF21858A}.Release|ARM.Deploy.0 = Release|Any CPU
		{06FC3881-9312-4FA9-A79D-6423FF21858A}.Release|iPhone.ActiveCfg = Release|Any CPU
		{06FC3881-9312-4FA9-A79D-6423FF21858A}.Release|iPhone.Build.0 = Release|Any CPU
		{06FC3881-9312-4FA9-A79D-6423FF21858A}.Release|iPhone.Deploy.0 = Release|Any CPU
		{06FC3881-9312-4FA9-A79D-6423FF21858A}.Release|iPhoneSimulator.ActiveCfg = Release|Any CPU
		{06FC3881-9312-4FA9-A79D-6423FF21858A}.Release|iPhoneSimulator.Build.0 = Release|Any CPU
		{06FC3881-9312-4FA9-A79D-6423FF21858A}.Release|iPhoneSimulator.Deploy.0 = Release|Any CPU
		{06FC3881-9312-4FA9-A79D-6423FF21858A}.Release|x64.ActiveCfg = Release|Any CPU
		{06FC3881-9312-4FA9-A79D-6423FF21858A}.Release|x64.Build.0 = Release|Any CPU
		{06FC3881-9312-4FA9-A79D-6423FF21858A}.Release|x64.Deploy.0 = Release|Any CPU
		{06FC3881-9312-4FA9-A79D-6423FF21858A}.Release|x86.ActiveCfg = Release|Any CPU
		{06FC3881-9312-4FA9-A79D-6423FF21858A}.Release|x86.Build.0 = Release|Any CPU
		{06FC3881-9312-4FA9-A79D-6423FF21858A}.Release|x86.Deploy.0 = Release|Any CPU
	EndGlobalSection
	GlobalSection(SolutionProperties) = preSolution
		HideSolutionNode = FALSE
	EndGlobalSection
	GlobalSection(ExtensibilityGlobals) = postSolution
		SolutionGuid = {5227C672-6929-4A78-B0CE-A7695B5385EA}
	EndGlobalSection
EndGlobal
